
Microsoft Visual Studio Solution File, Format Version 12.00
# Visual Studio Version 17
VisualStudioVersion = 17.12.35527.113
MinimumVisualStudioVersion = 10.0.40219.1
Project("{FAE04EC0-301F-11D3-BF4B-00C04F79EFBC}") = "KlijentskaAplikacija", "domaci_2_rmt\KlijentskaAplikacija.csproj", "{4FE2803A-0305-42C8-834D-8CD934A1A7E2}"
EndProject
Project("{FAE04EC0-301F-11D3-BF4B-00C04F79EFBC}") = "ServerskaAplikacija", "ServerskaAplikacija\ServerskaAplikacija.csproj", "{599C711F-64CC-42CD-813E-692DAC67DE24}"
EndProject
Project("{FAE04EC0-301F-11D3-BF4B-00C04F79EFBC}") = "BazaPodataka", "BazaPodataka\BazaPodataka.csproj", "{D1D6D3AC-728C-474E-9636-9BD730F22248}"
EndProject
Project("{FAE04EC0-301F-11D3-BF4B-00C04F79EFBC}") = "Domen", "Domen\Domen.csproj", "{B2779D5F-6BB1-4441-B3C9-594D1DCB2935}"
EndProject
Project("{FAE04EC0-301F-11D3-BF4B-00C04F79EFBC}") = "Zajednicki", "Zajednicki\Zajednicki.csproj", "{FCB68E19-43CA-432F-8E11-2762D78BBF69}"
EndProject
Global
	GlobalSection(SolutionConfigurationPlatforms) = preSolution
		Debug|Any CPU = Debug|Any CPU
		Release|Any CPU = Release|Any CPU
	EndGlobalSection
	GlobalSection(ProjectConfigurationPlatforms) = postSolution
		{4FE2803A-0305-42C8-834D-8CD934A1A7E2}.Debug|Any CPU.ActiveCfg = Debug|Any CPU
		{4FE2803A-0305-42C8-834D-8CD934A1A7E2}.Debug|Any CPU.Build.0 = Debug|Any CPU
		{4FE2803A-0305-42C8-834D-8CD934A1A7E2}.Release|Any CPU.ActiveCfg = Release|Any CPU
		{4FE2803A-0305-42C8-834D-8CD934A1A7E2}.Release|Any CPU.Build.0 = Release|Any CPU
		{599C711F-64CC-42CD-813E-692DAC67DE24}.Debug|Any CPU.ActiveCfg = Debug|Any CPU
		{599C711F-64CC-42CD-813E-692DAC67DE24}.Debug|Any CPU.Build.0 = Debug|Any CPU
		{599C711F-64CC-42CD-813E-692DAC67DE24}.Release|Any CPU.ActiveCfg = Release|Any CPU
		{599C711F-64CC-42CD-813E-692DAC67DE24}.Release|Any CPU.Build.0 = Release|Any CPU
		{D1D6D3AC-728C-474E-9636-9BD730F22248}.Debug|Any CPU.ActiveCfg = Debug|Any CPU
		{D1D6D3AC-728C-474E-9636-9BD730F22248}.Debug|Any CPU.Build.0 = Debug|Any CPU
		{D1D6D3AC-728C-474E-9636-9BD730F22248}.Release|Any CPU.ActiveCfg = Release|Any CPU
		{D1D6D3AC-728C-474E-9636-9BD730F22248}.Release|Any CPU.Build.0 = Release|Any CPU
		{B2779D5F-6BB1-4441-B3C9-594D1DCB2935}.Debug|Any CPU.ActiveCfg = Debug|Any CPU
		{B2779D5F-6BB1-4441-B3C9-594D1DCB2935}.Debug|Any CPU.Build.0 = Debug|Any CPU
		{B2779D5F-6BB1-4441-B3C9-594D1DCB2935}.Release|Any CPU.ActiveCfg = Release|Any CPU
		{B2779D5F-6BB1-4441-B3C9-594D1DCB2935}.Release|Any CPU.Build.0 = Release|Any CPU
		{FCB68E19-43CA-432F-8E11-2762D78BBF69}.Debug|Any CPU.ActiveCfg = Debug|Any CPU
		{FCB68E19-43CA-432F-8E11-2762D78BBF69}.Debug|Any CPU.Build.0 = Debug|Any CPU
		{FCB68E19-43CA-432F-8E11-2762D78BBF69}.Release|Any CPU.ActiveCfg = Release|Any CPU
		{FCB68E19-43CA-432F-8E11-2762D78BBF69}.Release|Any CPU.Build.0 = Release|Any CPU
	EndGlobalSection
	GlobalSection(SolutionProperties) = preSolution
		HideSolutionNode = FALSE
	EndGlobalSection
EndGlobal
